{
  "version": 1,
  "dependencies": {
    "net7.0": {
      "AspNetCore.HealthChecks.NpgSql": {
        "type": "Direct",
        "requested": "[7.1.0, )",
        "resolved": "7.1.0",
        "contentHash": "MBJrV/4jlnm/gNa+WWM82m01/mb58PXjS/lQs53h+M7+y50EGQOrCHljrI+cgPMWy7g7K2iohaNdlOe+gyX9tg==",
        "dependencies": {
          "Microsoft.Extensions.Diagnostics.HealthChecks": "7.0.9",
          "Npgsql": "7.0.6"
        }
      },
      "AspNetCore.HealthChecks.Rabbitmq": {
        "type": "Direct",
        "requested": "[7.0.0, )",
        "resolved": "7.0.0",
        "contentHash": "ATXOR3pWLCG3ip1vjjhOQY3vJR3SHcqQUfwuxOpOzwlweTkNhsbRjHQgqCQUDFBGvahs553/pgtGDap2S7Aofw==",
        "dependencies": {
          "Microsoft.Extensions.Diagnostics.HealthChecks": "7.0.9",
          "RabbitMQ.Client": "6.5.0"
        }
      },
      "AspNetCore.HealthChecks.UI.Client": {
        "type": "Direct",
        "requested": "[7.1.0, )",
        "resolved": "7.1.0",
        "contentHash": "f7Z0Xw2C7mvL49/vtTpgn1ZLJPycBqpCPr7DVINaoeNdJ01aQ37JFfodxqA0KLxp+fGiIdLs9+ktbiSBfiMdRQ==",
        "dependencies": {
          "AspNetCore.HealthChecks.UI.Core": "7.0.0",
          "Microsoft.Extensions.Diagnostics.HealthChecks": "7.0.9"
        }
      },
      "AutoMapper.Extensions.Microsoft.DependencyInjection": {
        "type": "Direct",
        "requested": "[12.0.1, )",
        "resolved": "12.0.1",
        "contentHash": "+g/K+Vpe3gGMKGzjslMOdqNlkikScDjWfVvmWTayrDHaG/n2pPmFBMa+jKX1r/h6BDGFdkyRjAuhFE3ykW+r1g==",
        "dependencies": {
          "AutoMapper": "[12.0.1]",
          "Microsoft.Extensions.Options": "6.0.0"
        }
      },
      "CliFx": {
        "type": "Direct",
        "requested": "[2.3.4, )",
        "resolved": "2.3.4",
        "contentHash": "CFD8yL9McQrKa2dnGdXx/e1ob3QXcVICHpE9XbPXnFw1yPdqAgij3pdS4Xfii3U0+D1HJRW1rOPtNnuR7lI1cQ=="
      },
      "DrfLikePaginations": {
        "type": "Direct",
        "requested": "[1.1.2, )",
        "resolved": "1.1.2",
        "contentHash": "X7be57QNHCGl3wHy7szd3X5qNdsDCpapI0WQRnowhB5KGK/QKeyr4PJYxbpJII1+XdAYnnALf+cCU/PWnUO1eQ==",
        "dependencies": {
          "Microsoft.AspNetCore.Http": "2.2.2",
          "Microsoft.EntityFrameworkCore": "5.0.6"
        }
      },
      "MassTransit.RabbitMQ": {
        "type": "Direct",
        "requested": "[8.1.1, )",
        "resolved": "8.1.1",
        "contentHash": "QoBc4jy0mM5i8Rut8L8q5nrq2nOmXMRuogLeuu2hb8gjSdXvj5dtiGrBa5+wO97YWrbmmnp/VPys5IuOGdLv6Q==",
        "dependencies": {
          "MassTransit": "8.1.1",
          "RabbitMQ.Client": "6.5.0"
        }
      },
      "Microsoft.EntityFrameworkCore.Design": {
        "type": "Direct",
        "requested": "[7.0.11, )",
        "resolved": "7.0.11",
        "contentHash": "DaykA+XkNNiznnJq8HWVl4jpBycL9/W8NkonoBz7eIrxfU9Q4zH4iPztlvOkJugYCNPS29frPnju3RY72FoPNQ==",
        "dependencies": {
          "Humanizer.Core": "2.14.1",
          "Microsoft.EntityFrameworkCore.Relational": "7.0.11",
          "Microsoft.Extensions.DependencyModel": "7.0.0",
          "Mono.TextTemplating": "2.2.1"
        }
      },
      "Npgsql.EntityFrameworkCore.PostgreSQL": {
        "type": "Direct",
        "requested": "[7.0.11, )",
        "resolved": "7.0.11",
        "contentHash": "cHEgEz0ldXc9wVANs8sJqC+3eilqefrkasCBgaVT0tyj8tb1p3/pwy2ngjboNkDG3M0z+xJsJ4jC5p8wySAM3w==",
        "dependencies": {
          "Microsoft.EntityFrameworkCore": "[7.0.11, 8.0.0)",
          "Microsoft.EntityFrameworkCore.Abstractions": "[7.0.11, 8.0.0)",
          "Microsoft.EntityFrameworkCore.Relational": "[7.0.11, 8.0.0)",
          "Npgsql": "7.0.6"
        }
      },
      "Serilog": {
        "type": "Direct",
        "requested": "[3.0.1, )",
        "resolved": "3.0.1",
        "contentHash": "E4UmOQ++eNJax1laE+lws7E3zbhKgHsGJbO7ra0yE5smUh+5FfUPIKKBxM3MO1tK4sgpQke6/pLReDxIc/ggNw=="
      },
      "Serilog.AspNetCore": {
        "type": "Direct",
        "requested": "[7.0.0, )",
        "resolved": "7.0.0",
        "contentHash": "F6p6rzOmg/R0EPI/PjJXcAlhCzusW5+xFx8kbsy6mJ6/mHI6wWWPxZbsLPoAYTpMiopKFl7HZhAr//KABGHtBQ==",
        "dependencies": {
          "Microsoft.Extensions.DependencyInjection": "7.0.0",
          "Microsoft.Extensions.Logging": "7.0.0",
          "Serilog": "2.12.0",
          "Serilog.Extensions.Hosting": "7.0.0",
          "Serilog.Formatting.Compact": "1.1.0",
          "Serilog.Settings.Configuration": "7.0.0",
          "Serilog.Sinks.Console": "4.0.1",
          "Serilog.Sinks.Debug": "2.0.0",
          "Serilog.Sinks.File": "5.0.0"
        }
      },
      "Serilog.Settings.Configuration": {
        "type": "Direct",
        "requested": "[7.0.1, )",
        "resolved": "7.0.1",
        "contentHash": "FpUWtc0YUQvCfrKRI73KbmpWK3RvWTQr9gMDfTPEtmVI6f7KkY8Egj6r1BQA1/4oyTjxRbTn5yKX+2+zaWTwrg==",
        "dependencies": {
          "Microsoft.Extensions.Configuration.Binder": "7.0.0",
          "Microsoft.Extensions.DependencyModel": "7.0.0",
          "Serilog": "2.12.0"
        }
      },
      "Serilog.Sinks.Console": {
        "type": "Direct",
        "requested": "[4.1.0, )",
        "resolved": "4.1.0",
        "contentHash": "K6N5q+5fetjnJPvCmkWOpJ/V8IEIoMIB1s86OzBrbxwTyHxdx3pmz4H+8+O/Dc/ftUX12DM1aynx/dDowkwzqg==",
        "dependencies": {
          "Serilog": "2.10.0"
        }
      },
      "Swashbuckle.AspNetCore": {
        "type": "Direct",
        "requested": "[6.5.0, )",
        "resolved": "6.5.0",
        "contentHash": "FK05XokgjgwlCI6wCT+D4/abtQkL1X1/B9Oas6uIwHFmYrIO9WUD5aLC9IzMs9GnHfUXOtXZ2S43gN1mhs5+aA==",
        "dependencies": {
          "Microsoft.Extensions.ApiDescription.Server": "6.0.5",
          "Swashbuckle.AspNetCore.Swagger": "6.5.0",
          "Swashbuckle.AspNetCore.SwaggerGen": "6.5.0",
          "Swashbuckle.AspNetCore.SwaggerUI": "6.5.0"
        }
      },
      "AspNetCore.HealthChecks.UI.Core": {
        "type": "Transitive",
        "resolved": "7.0.0",
        "contentHash": "nOBktEQ/PjCqJIqLlFlLXKdDyJ42OsgDpd4WaD9iZH1GQD+LlBW36xObn9LUFj3lNOAULfobAt/l2n/9X0oiIA==",
        "dependencies": {
          "Microsoft.Extensions.DependencyInjection.Abstractions": "7.0.0",
          "Microsoft.Extensions.Diagnostics.HealthChecks": "7.0.9"
        }
      },
      "AutoMapper": {
        "type": "Transitive",
        "resolved": "12.0.1",
        "contentHash": "hvV62vl6Hp/WfQ24yzo3Co9+OPl8wH8hApwVtgWpiAynVJkUcs7xvehnSftawL8Pe8FrPffBRM3hwzLQqWDNjA==",
        "dependencies": {
          "Microsoft.CSharp": "4.7.0"
        }
      },
      "Humanizer.Core": {
        "type": "Transitive",
        "resolved": "2.14.1",
        "contentHash": "lQKvtaTDOXnoVJ20ibTuSIOf2i0uO0MPbDhd1jm238I+U/2ZnRENj0cktKZhtchBMtCUSRQ5v4xBCUbKNmyVMw=="
      },
      "MassTransit": {
        "type": "Transitive",
        "resolved": "8.1.1",
        "contentHash": "Vy8GinrC/uGhazdlVhF2rKggzSyAB8CCNci3cvNwoBFuG5Nc29hiwED/71xMXEbYOLChIG+ntw9eiqwify8+xg==",
        "dependencies": {
          "MassTransit.Abstractions": "8.1.1",
          "Microsoft.Extensions.DependencyInjection.Abstractions": "7.0.0",
          "Microsoft.Extensions.Diagnostics.HealthChecks": "7.0.1",
          "Microsoft.Extensions.Hosting.Abstractions": "7.0.0",
          "Microsoft.Extensions.Logging.Abstractions": "7.0.1",
          "Microsoft.Extensions.Options": "7.0.1",
          "System.Diagnostics.DiagnosticSource": "7.0.1",
          "System.Reflection.Emit": "4.7.0",
          "System.Reflection.Emit.Lightweight": "4.7.0",
          "System.Text.Json": "7.0.3",
          "System.Threading.Channels": "7.0.0"
        }
      },
      "MassTransit.Abstractions": {
        "type": "Transitive",
        "resolved": "8.1.1",
        "contentHash": "fe6isUE0S87Px/Qkg5fkg8ymhax87SNdcOgOtOxo5ZUm8Er9VgmUBwHGYg8fHywDri6xGCJtLucFSaUIu2Urrw=="
      },
      "Microsoft.AspNetCore.Http": {
        "type": "Transitive",
        "resolved": "2.2.2",
        "contentHash": "BAibpoItxI5puk7YJbIGj95arZueM8B8M5xT1fXBn3hb3L2G3ucrZcYXv1gXdaroLbntUs8qeV8iuBrpjQsrKw==",
        "dependencies": {
          "Microsoft.AspNetCore.Http.Abstractions": "2.2.0",
          "Microsoft.AspNetCore.WebUtilities": "2.2.0",
          "Microsoft.Extensions.ObjectPool": "2.2.0",
          "Microsoft.Extensions.Options": "2.2.0",
          "Microsoft.Net.Http.Headers": "2.2.0"
        }
      },
      "Microsoft.AspNetCore.Http.Abstractions": {
        "type": "Transitive",
        "resolved": "2.2.0",
        "contentHash": "Nxs7Z1q3f1STfLYKJSVXCs1iBl+Ya6E8o4Oy1bCxJ/rNI44E/0f6tbsrVqAWfB7jlnJfyaAtIalBVxPKUPQb4Q==",
        "dependencies": {
          "Microsoft.AspNetCore.Http.Features": "2.2.0",
          "System.Text.Encodings.Web": "4.5.0"
        }
      },
      "Microsoft.AspNetCore.Http.Features": {
        "type": "Transitive",
        "resolved": "2.2.0",
        "contentHash": "ziFz5zH8f33En4dX81LW84I6XrYXKf9jg6aM39cM+LffN9KJahViKZ61dGMSO2gd3e+qe5yBRwsesvyqlZaSMg==",
        "dependencies": {
          "Microsoft.Extensions.Primitives": "2.2.0"
        }
      },
      "Microsoft.AspNetCore.WebUtilities": {
        "type": "Transitive",
        "resolved": "2.2.0",
        "contentHash": "9ErxAAKaDzxXASB/b5uLEkLgUWv1QbeVxyJYEHQwMaxXOeFFVkQxiq8RyfVcifLU7NR0QY0p3acqx4ZpYfhHDg==",
        "dependencies": {
          "Microsoft.Net.Http.Headers": "2.2.0",
          "System.Text.Encodings.Web": "4.5.0"
        }
      },
      "Microsoft.CSharp": {
        "type": "Transitive",
        "resolved": "4.7.0",
        "contentHash": "pTj+D3uJWyN3My70i2Hqo+OXixq3Os2D1nJ2x92FFo6sk8fYS1m1WLNTs0Dc1uPaViH0YvEEwvzddQ7y4rhXmA=="
      },
      "Microsoft.EntityFrameworkCore": {
        "type": "Transitive",
        "resolved": "7.0.11",
        "contentHash": "r7YGITjQ7v1hYtUXIavjSx+T1itKVPUFAIBN7HaKNjbR8x+gep8w9H3NEchglJOh1woZR4b2MhbSo2YFRZwZDg==",
        "dependencies": {
          "Microsoft.EntityFrameworkCore.Abstractions": "7.0.11",
          "Microsoft.EntityFrameworkCore.Analyzers": "7.0.11",
          "Microsoft.Extensions.Caching.Memory": "7.0.0",
          "Microsoft.Extensions.DependencyInjection": "7.0.0",
          "Microsoft.Extensions.Logging": "7.0.0"
        }
      },
      "Microsoft.EntityFrameworkCore.Abstractions": {
        "type": "Transitive",
        "resolved": "7.0.11",
        "contentHash": "IoOnhycZ0/VtLowf0HgB0cujxwksokzkS3/5108AHOcbntHUTqwxtCjG4E4FCly/45G+mxb+4PxBdFZhA49lwQ=="
      },
      "Microsoft.EntityFrameworkCore.Analyzers": {
        "type": "Transitive",
        "resolved": "7.0.11",
        "contentHash": "Qexum5safSSfijx6P1QSq5bVJPPTM/uf7lQmpL/shkiozEC/0FzqNaVUfFpbNN8zsO1jMFYbeDMF4cxJMlTT9w=="
      },
      "Microsoft.EntityFrameworkCore.Relational": {
        "type": "Transitive",
        "resolved": "7.0.11",
        "contentHash": "yHEEyah1XARStV1SJOsdKj8ieoMCZ0MkNuQaLfWONMWmbqwuDohfGQZk/FuzdT4aO/lJrUYiXbBSFv0ACzphEw==",
        "dependencies": {
          "Microsoft.EntityFrameworkCore": "7.0.11",
          "Microsoft.Extensions.Configuration.Abstractions": "7.0.0"
        }
      },
      "Microsoft.Extensions.ApiDescription.Server": {
        "type": "Transitive",
        "resolved": "6.0.5",
        "contentHash": "Ckb5EDBUNJdFWyajfXzUIMRkhf52fHZOQuuZg/oiu8y7zDCVwD0iHhew6MnThjHmevanpxL3f5ci2TtHQEN6bw=="
      },
      "Microsoft.Extensions.Caching.Abstractions": {
        "type": "Transitive",
        "resolved": "7.0.0",
        "contentHash": "IeimUd0TNbhB4ded3AbgBLQv2SnsiVugDyGV1MvspQFVlA07nDC7Zul7kcwH5jWN3JiTcp/ySE83AIJo8yfKjg==",
        "dependencies": {
          "Microsoft.Extensions.Primitives": "7.0.0"
        }
      },
      "Microsoft.Extensions.Caching.Memory": {
        "type": "Transitive",
        "resolved": "7.0.0",
        "contentHash": "xpidBs2KCE2gw1JrD0quHE72kvCaI3xFql5/Peb2GRtUuZX+dYPoK/NTdVMiM67Svym0M0Df9A3xyU0FbMQhHw==",
        "dependencies": {
          "Microsoft.Extensions.Caching.Abstractions": "7.0.0",
          "Microsoft.Extensions.DependencyInjection.Abstractions": "7.0.0",
          "Microsoft.Extensions.Logging.Abstractions": "7.0.0",
          "Microsoft.Extensions.Options": "7.0.0",
          "Microsoft.Extensions.Primitives": "7.0.0"
        }
      },
      "Microsoft.Extensions.Configuration.Abstractions": {
        "type": "Transitive",
        "resolved": "7.0.0",
        "contentHash": "f34u2eaqIjNO9YLHBz8rozVZ+TcFiFs0F3r7nUJd7FRkVSxk8u4OpoK226mi49MwexHOR2ibP9MFvRUaLilcQQ==",
        "dependencies": {
          "Microsoft.Extensions.Primitives": "7.0.0"
        }
      },
      "Microsoft.Extensions.Configuration.Binder": {
        "type": "Transitive",
        "resolved": "7.0.0",
        "contentHash": "tgU4u7bZsoS9MKVRiotVMAwHtbREHr5/5zSEV+JPhg46+ox47Au84E3D2IacAaB0bk5ePNaNieTlPrfjbbRJkg==",
        "dependencies": {
          "Microsoft.Extensions.Configuration.Abstractions": "7.0.0"
        }
      },
      "Microsoft.Extensions.DependencyInjection": {
        "type": "Transitive",
        "resolved": "7.0.0",
        "contentHash": "elNeOmkeX3eDVG6pYVeV82p29hr+UKDaBhrZyWvWLw/EVZSYEkZlQdkp0V39k/Xehs2Qa0mvoCvkVj3eQxNQ1Q==",
        "dependencies": {
          "Microsoft.Extensions.DependencyInjection.Abstractions": "7.0.0"
        }
      },
      "Microsoft.Extensions.DependencyInjection.Abstractions": {
        "type": "Transitive",
        "resolved": "7.0.0",
        "contentHash": "h3j/QfmFN4S0w4C2A6X7arXij/M/OVw3uQHSOFxnND4DyAzO1F9eMX7Eti7lU/OkSthEE0WzRsfT/Dmx86jzCw=="
      },
      "Microsoft.Extensions.DependencyModel": {
        "type": "Transitive",
        "resolved": "7.0.0",
        "contentHash": "oONNYd71J3LzkWc4fUHl3SvMfiQMYUCo/mDHDEu76hYYxdhdrPYv6fvGv9nnKVyhE9P0h20AU8RZB5OOWQcAXg==",
        "dependencies": {
          "System.Text.Encodings.Web": "7.0.0",
          "System.Text.Json": "7.0.0"
        }
      },
      "Microsoft.Extensions.Diagnostics.HealthChecks": {
        "type": "Transitive",
        "resolved": "7.0.9",
        "contentHash": "ubVLIa7GbGZrC7OWcMuFo/GJRYdVvqyMj7M4JFgWobXgh4QT2km40T46zLlXJfQWH68mh+g4iBJeg7VN3pldJA==",
        "dependencies": {
          "Microsoft.Extensions.Diagnostics.HealthChecks.Abstractions": "7.0.9",
          "Microsoft.Extensions.Hosting.Abstractions": "7.0.0",
          "Microsoft.Extensions.Logging.Abstractions": "7.0.1",
          "Microsoft.Extensions.Options": "7.0.1"
        }
      },
      "Microsoft.Extensions.Diagnostics.HealthChecks.Abstractions": {
        "type": "Transitive",
        "resolved": "7.0.9",
        "contentHash": "myuiz5s14NEWffeiRH94GM1W9PkPyU/TLWCPjEIJ+Tck6QwRV89KHNwlJ+ZebRMlMTd64hwECybjLp1vIS4gTA=="
      },
      "Microsoft.Extensions.FileProviders.Abstractions": {
        "type": "Transitive",
        "resolved": "7.0.0",
        "contentHash": "NyawiW9ZT/liQb34k9YqBSNPLuuPkrjMgQZ24Y/xXX1RoiBkLUdPMaQTmxhZ5TYu8ZKZ9qayzil75JX95vGQUg==",
        "dependencies": {
          "Microsoft.Extensions.Primitives": "7.0.0"
        }
      },
      "Microsoft.Extensions.Hosting.Abstractions": {
        "type": "Transitive",
        "resolved": "7.0.0",
        "contentHash": "43n9Je09z0p/7ViPxfRqs5BUItRLNVh5b6JH40F2Agkh2NBsY/jpNYTtbCcxrHCsA3oRmbR6RJBzUutB4VZvNQ==",
        "dependencies": {
          "Microsoft.Extensions.Configuration.Abstractions": "7.0.0",
          "Microsoft.Extensions.DependencyInjection.Abstractions": "7.0.0",
          "Microsoft.Extensions.FileProviders.Abstractions": "7.0.0"
        }
      },
      "Microsoft.Extensions.Logging": {
        "type": "Transitive",
        "resolved": "7.0.0",
        "contentHash": "Nw2muoNrOG5U5qa2ZekXwudUn2BJcD41e65zwmDHb1fQegTX66UokLWZkJRpqSSHXDOWZ5V0iqhbxOEky91atA==",
        "dependencies": {
          "Microsoft.Extensions.DependencyInjection": "7.0.0",
          "Microsoft.Extensions.DependencyInjection.Abstractions": "7.0.0",
          "Microsoft.Extensions.Logging.Abstractions": "7.0.0",
          "Microsoft.Extensions.Options": "7.0.0"
        }
      },
      "Microsoft.Extensions.Logging.Abstractions": {
        "type": "Transitive",
        "resolved": "7.0.1",
        "contentHash": "pkeBFx0vqMW/A3aUVHh7MPu3WkBhaVlezhSZeb1c9XD0vUReYH1TLFSy5MxJgZfmz5LZzYoErMorlYZiwpOoNA=="
      },
      "Microsoft.Extensions.ObjectPool": {
        "type": "Transitive",
        "resolved": "2.2.0",
        "contentHash": "gA8H7uQOnM5gb+L0uTNjViHYr+hRDqCdfugheGo/MxQnuHzmhhzCBTIPm19qL1z1Xe0NEMabfcOBGv9QghlZ8g=="
      },
      "Microsoft.Extensions.Options": {
        "type": "Transitive",
        "resolved": "7.0.1",
        "contentHash": "pZRDYdN1FpepOIfHU62QoBQ6zdAoTvnjxFfqAzEd9Jhb2dfhA5i6jeTdgGgcgTWFRC7oT0+3XrbQu4LjvgX1Nw==",
        "dependencies": {
          "Microsoft.Extensions.DependencyInjection.Abstractions": "7.0.0",
          "Microsoft.Extensions.Primitives": "7.0.0"
        }
      },
      "Microsoft.Extensions.Primitives": {
        "type": "Transitive",
        "resolved": "7.0.0",
        "contentHash": "um1KU5kxcRp3CNuI8o/GrZtD4AIOXDk+RLsytjZ9QPok3ttLUelLKpilVPuaFT3TFjOhSibUAso0odbOaCDj3Q=="
      },
      "Microsoft.Net.Http.Headers": {
        "type": "Transitive",
        "resolved": "2.2.0",
        "contentHash": "iZNkjYqlo8sIOI0bQfpsSoMTmB/kyvmV2h225ihyZT33aTp48ZpF6qYnXxzSXmHt8DpBAwBTX+1s1UFLbYfZKg==",
        "dependencies": {
          "Microsoft.Extensions.Primitives": "2.2.0",
          "System.Buffers": "4.5.0"
        }
      },
      "Microsoft.OpenApi": {
        "type": "Transitive",
        "resolved": "1.2.3",
        "contentHash": "Nug3rO+7Kl5/SBAadzSMAVgqDlfGjJZ0GenQrLywJ84XGKO0uRqkunz5Wyl0SDwcR71bAATXvSdbdzPrYRYKGw=="
      },
      "Mono.TextTemplating": {
        "type": "Transitive",
        "resolved": "2.2.1",
        "contentHash": "KZYeKBET/2Z0gY1WlTAK7+RHTl7GSbtvTLDXEZZojUdAPqpQNDL6tHv7VUpqfX5VEOh+uRGKaZXkuD253nEOBQ==",
        "dependencies": {
          "System.CodeDom": "4.4.0"
        }
      },
      "Npgsql": {
        "type": "Transitive",
        "resolved": "7.0.6",
        "contentHash": "TAqvwRnm3NJ0QvN7cvu6geJkbI0XPzGVRElVY5hF4gsgA+BnE12x6GM1TLhdeq+7ZKvvo3BD8jXKnXmr3tvdEw==",
        "dependencies": {
          "Microsoft.Extensions.Logging.Abstractions": "6.0.0"
        }
      },
      "RabbitMQ.Client": {
        "type": "Transitive",
        "resolved": "6.5.0",
        "contentHash": "9hY5HiWPtCla1/l0WmXmLnqoX7iKE3neBQUWnetIJrRpOvTbO//XQfQDh++xgHCshL40Kv/6bR0HDkmJz46twg==",
        "dependencies": {
          "System.Memory": "4.5.5",
          "System.Threading.Channels": "7.0.0"
        }
      },
      "Serilog.Extensions.Hosting": {
        "type": "Transitive",
        "resolved": "7.0.0",
        "contentHash": "AWsDTs6TeCtyXYDWakzLXCOZA3/IdIfBWBwkYAF0ZvVktVr3E15oYP9pfI7GzKaGVmHaJF9TgFQnFEfcnzEkcw==",
        "dependencies": {
          "Microsoft.Extensions.DependencyInjection.Abstractions": "7.0.0",
          "Microsoft.Extensions.Hosting.Abstractions": "7.0.0",
          "Microsoft.Extensions.Logging.Abstractions": "7.0.0",
          "Serilog": "2.12.0",
          "Serilog.Extensions.Logging": "7.0.0"
        }
      },
      "Serilog.Extensions.Logging": {
        "type": "Transitive",
        "resolved": "7.0.0",
        "contentHash": "9faU0zNQqU7I6soVhLUMYaGNpgWv6cKlKb2S5AnS8gXxzW/em5Ladm/6FMrWTnX41cdbdGPOWNAo6adi4WaJ6A==",
        "dependencies": {
          "Microsoft.Extensions.Logging": "7.0.0",
          "Serilog": "2.12.0"
        }
      },
      "Serilog.Formatting.Compact": {
        "type": "Transitive",
        "resolved": "1.1.0",
        "contentHash": "pNroKVjo+rDqlxNG5PXkRLpfSCuDOBY0ri6jp9PLe505ljqwhwZz8ospy2vWhQlFu5GkIesh3FcDs4n7sWZODA==",
        "dependencies": {
          "Serilog": "2.8.0"
        }
      },
      "Serilog.Sinks.Debug": {
        "type": "Transitive",
        "resolved": "2.0.0",
        "contentHash": "Y6g3OBJ4JzTyyw16fDqtFcQ41qQAydnEvEqmXjhwhgjsnG/FaJ8GUqF5ldsC/bVkK8KYmqrPhDO+tm4dF6xx4A==",
        "dependencies": {
          "Serilog": "2.10.0"
        }
      },
      "Serilog.Sinks.File": {
        "type": "Transitive",
        "resolved": "5.0.0",
        "contentHash": "uwV5hdhWPwUH1szhO8PJpFiahqXmzPzJT/sOijH/kFgUx+cyoDTMM8MHD0adw9+Iem6itoibbUXHYslzXsLEAg==",
        "dependencies": {
          "Serilog": "2.10.0"
        }
      },
      "Swashbuckle.AspNetCore.Swagger": {
        "type": "Transitive",
        "resolved": "6.5.0",
        "contentHash": "XWmCmqyFmoItXKFsQSwQbEAsjDKcxlNf1l+/Ki42hcb6LjKL8m5Db69OTvz5vLonMSRntYO1XLqz0OP+n3vKnA==",
        "dependencies": {
          "Microsoft.OpenApi": "1.2.3"
        }
      },
      "Swashbuckle.AspNetCore.SwaggerGen": {
        "type": "Transitive",
        "resolved": "6.5.0",
        "contentHash": "Y/qW8Qdg9OEs7V013tt+94OdPxbRdbhcEbw4NiwGvf4YBcfhL/y7qp/Mjv/cENsQ2L3NqJ2AOu94weBy/h4KvA==",
        "dependencies": {
          "Swashbuckle.AspNetCore.Swagger": "6.5.0"
        }
      },
      "Swashbuckle.AspNetCore.SwaggerUI": {
        "type": "Transitive",
        "resolved": "6.5.0",
        "contentHash": "OvbvxX+wL8skxTBttcBsVxdh73Fag4xwqEU2edh4JMn7Ws/xJHnY/JB1e9RoCb6XpDxUF3hD9A0Z1lEUx40Pfw=="
      },
      "System.Buffers": {
        "type": "Transitive",
        "resolved": "4.5.0",
        "contentHash": "pL2ChpaRRWI/p4LXyy4RgeWlYF2sgfj/pnVMvBqwNFr5cXg7CXNnWZWxrOONLg8VGdFB8oB+EG2Qw4MLgTOe+A=="
      },
      "System.CodeDom": {
        "type": "Transitive",
        "resolved": "4.4.0",
        "contentHash": "2sCCb7doXEwtYAbqzbF/8UAeDRMNmPaQbU2q50Psg1J9KzumyVVCgKQY8s53WIPTufNT0DpSe9QRvVjOzfDWBA=="
      },
      "System.Diagnostics.DiagnosticSource": {
        "type": "Transitive",
        "resolved": "7.0.1",
        "contentHash": "T9SLFxzDp0SreCffRDXSAS5G+lq6E8qP4knHS2IBjwCdx2KEvGnGZsq7gFpselYOda7l6gXsJMD93TQsFj/URA=="
      },
      "System.Memory": {
        "type": "Transitive",
        "resolved": "4.5.5",
        "contentHash": "XIWiDvKPXaTveaB7HVganDlOCRoj03l+jrwNvcge/t8vhGYKvqV+dMv6G4SAX2NoNmN0wZfVPTAlFwZcZvVOUw=="
      },
      "System.Reflection.Emit": {
        "type": "Transitive",
        "resolved": "4.7.0",
        "contentHash": "VR4kk8XLKebQ4MZuKuIni/7oh+QGFmZW3qORd1GvBq/8026OpW501SzT/oypwiQl4TvT8ErnReh/NzY9u+C6wQ=="
      },
      "System.Reflection.Emit.Lightweight": {
        "type": "Transitive",
        "resolved": "4.7.0",
        "contentHash": "a4OLB4IITxAXJeV74MDx49Oq2+PsF6Sml54XAFv+2RyWwtDBcabzoxiiJRhdhx+gaohLh4hEGCLQyBozXoQPqA=="
      },
      "System.Text.Encodings.Web": {
        "type": "Transitive",
        "resolved": "7.0.0",
        "contentHash": "OP6umVGxc0Z0MvZQBVigj4/U31Pw72ITihDWP9WiWDm+q5aoe0GaJivsfYGq53o6dxH7DcXWiCTl7+0o2CGdmg=="
      },
      "System.Text.Json": {
        "type": "Transitive",
        "resolved": "7.0.3",
        "contentHash": "AyjhwXN1zTFeIibHimfJn6eAsZ7rTBib79JQpzg8WAuR/HKDu9JGNHTuu3nbbXQ/bgI+U4z6HtZmCHNXB1QXrQ==",
        "dependencies": {
          "System.Text.Encodings.Web": "7.0.0"
        }
      },
      "System.Threading.Channels": {
        "type": "Transitive",
        "resolved": "7.0.0",
        "contentHash": "qmeeYNROMsONF6ndEZcIQ+VxR4Q/TX/7uIVLJqtwIWL7dDWeh0l1UIqgo4wYyjG//5lUNhwkLDSFl+pAWO6oiA=="
      }
    }
  }
}